
Microsoft Visual Studio Solution File, Format Version 12.00
# Visual Studio Version 16
VisualStudioVersion = 16.0.30114.105
MinimumVisualStudioVersion = 10.0.40219.1
Project("{FAE04EC0-301F-11D3-BF4B-00C04F79EFBC}") = "ProAtividade.API", "ProAtividade.API\ProAtividade.API.csproj", "{0050B0DF-8A94-4B5C-902F-8A1008014ECC}"
EndProject
Project("{FAE04EC0-301F-11D3-BF4B-00C04F79EFBC}") = "ProAtividade.Data", "ProAtividade.Data\ProAtividade.Data.csproj", "{29586403-E188-4350-8860-729C71D047E6}"
EndProject
Project("{FAE04EC0-301F-11D3-BF4B-00C04F79EFBC}") = "ProAtividade.Domain", "ProAtividade.Domain\ProAtividade.Domain.csproj", "{5E44FF71-1121-48C7-8C5A-9EF7A3E42E39}"
EndProject
Global
	GlobalSection(SolutionConfigurationPlatforms) = preSolution
		Debug|Any CPU = Debug|Any CPU
		Debug|x64 = Debug|x64
		Debug|x86 = Debug|x86
		Release|Any CPU = Release|Any CPU
		Release|x64 = Release|x64
		Release|x86 = Release|x86
	EndGlobalSection
	GlobalSection(SolutionProperties) = preSolution
		HideSolutionNode = FALSE
	EndGlobalSection
	GlobalSection(ProjectConfigurationPlatforms) = postSolution
		{0050B0DF-8A94-4B5C-902F-8A1008014ECC}.Debug|Any CPU.ActiveCfg = Debug|Any CPU
		{0050B0DF-8A94-4B5C-902F-8A1008014ECC}.Debug|Any CPU.Build.0 = Debug|Any CPU
		{0050B0DF-8A94-4B5C-902F-8A1008014ECC}.Debug|x64.ActiveCfg = Debug|Any CPU
		{0050B0DF-8A94-4B5C-902F-8A1008014ECC}.Debug|x64.Build.0 = Debug|Any CPU
		{0050B0DF-8A94-4B5C-902F-8A1008014ECC}.Debug|x86.ActiveCfg = Debug|Any CPU
		{0050B0DF-8A94-4B5C-902F-8A1008014ECC}.Debug|x86.Build.0 = Debug|Any CPU
		{0050B0DF-8A94-4B5C-902F-8A1008014ECC}.Release|Any CPU.ActiveCfg = Release|Any CPU
		{0050B0DF-8A94-4B5C-902F-8A1008014ECC}.Release|Any CPU.Build.0 = Release|Any CPU
		{0050B0DF-8A94-4B5C-902F-8A1008014ECC}.Release|x64.ActiveCfg = Release|Any CPU
		{0050B0DF-8A94-4B5C-902F-8A1008014ECC}.Release|x64.Build.0 = Release|Any CPU
		{0050B0DF-8A94-4B5C-902F-8A1008014ECC}.Release|x86.ActiveCfg = Release|Any CPU
		{0050B0DF-8A94-4B5C-902F-8A1008014ECC}.Release|x86.Build.0 = Release|Any CPU
		{29586403-E188-4350-8860-729C71D047E6}.Debug|Any CPU.ActiveCfg = Debug|Any CPU
		{29586403-E188-4350-8860-729C71D047E6}.Debug|Any CPU.Build.0 = Debug|Any CPU
		{29586403-E188-4350-8860-729C71D047E6}.Debug|x64.ActiveCfg = Debug|Any CPU
		{29586403-E188-4350-8860-729C71D047E6}.Debug|x64.Build.0 = Debug|Any CPU
		{29586403-E188-4350-8860-729C71D047E6}.Debug|x86.ActiveCfg = Debug|Any CPU
		{29586403-E188-4350-8860-729C71D047E6}.Debug|x86.Build.0 = Debug|Any CPU
		{29586403-E188-4350-8860-729C71D047E6}.Release|Any CPU.ActiveCfg = Release|Any CPU
		{29586403-E188-4350-8860-729C71D047E6}.Release|Any CPU.Build.0 = Release|Any CPU
		{29586403-E188-4350-8860-729C71D047E6}.Release|x64.ActiveCfg = Release|Any CPU
		{29586403-E188-4350-8860-729C71D047E6}.Release|x64.Build.0 = Release|Any CPU
		{29586403-E188-4350-8860-729C71D047E6}.Release|x86.ActiveCfg = Release|Any CPU
		{29586403-E188-4350-8860-729C71D047E6}.Release|x86.Build.0 = Release|Any CPU
		{5E44FF71-1121-48C7-8C5A-9EF7A3E42E39}.Debug|Any CPU.ActiveCfg = Debug|Any CPU
		{5E44FF71-1121-48C7-8C5A-9EF7A3E42E39}.Debug|Any CPU.Build.0 = Debug|Any CPU
		{5E44FF71-1121-48C7-8C5A-9EF7A3E42E39}.Debug|x64.ActiveCfg = Debug|Any CPU
		{5E44FF71-1121-48C7-8C5A-9EF7A3E42E39}.Debug|x64.Build.0 = Debug|Any CPU
		{5E44FF71-1121-48C7-8C5A-9EF7A3E42E39}.Debug|x86.ActiveCfg = Debug|Any CPU
		{5E44FF71-1121-48C7-8C5A-9EF7A3E42E39}.Debug|x86.Build.0 = Debug|Any CPU
		{5E44FF71-1121-48C7-8C5A-9EF7A3E42E39}.Release|Any CPU.ActiveCfg = Release|Any CPU
		{5E44FF71-1121-48C7-8C5A-9EF7A3E42E39}.Release|Any CPU.Build.0 = Release|Any CPU
		{5E44FF71-1121-48C7-8C5A-9EF7A3E42E39}.Release|x64.ActiveCfg = Release|Any CPU
		{5E44FF71-1121-48C7-8C5A-9EF7A3E42E39}.Release|x64.Build.0 = Release|Any CPU
		{5E44FF71-1121-48C7-8C5A-9EF7A3E42E39}.Release|x86.ActiveCfg = Release|Any CPU
		{5E44FF71-1121-48C7-8C5A-9EF7A3E42E39}.Release|x86.Build.0 = Release|Any CPU
	EndGlobalSection
EndGlobal
